// !$*UTF8*$!
{
	archiveVersion = 1;
	classes = {
	};
	objectVersion = 46;
	objects = {

/* Begin PBXBuildFile section */
		CF004F741EC5F961009D39E4 /* Reachability.swift in Sources */ = {isa = PBXBuildFile; fileRef = CF004F731EC5F961009D39E4 /* Reachability.swift */; };
		CF0394EB1ED561900091C94F /* Animating.swift in Sources */ = {isa = PBXBuildFile; fileRef = CF0394EA1ED561900091C94F /* Animating.swift */; };
		CF0394ED1ED566D80091C94F /* MessageView.swift in Sources */ = {isa = PBXBuildFile; fileRef = CF0394EC1ED566D80091C94F /* MessageView.swift */; };
		CF7CAE221EC33DC700B50E58 /* Background.swift in Sources */ = {isa = PBXBuildFile; fileRef = CF7CAE211EC33DC700B50E58 /* Background.swift */; };
		CFAF1EEE1EC1D0DE00FD707B /* Quote.swift in Sources */ = {isa = PBXBuildFile; fileRef = CFAF1EED1EC1D0DE00FD707B /* Quote.swift */; };
		CFAF1EF11EC1E3BE00FD707B /* Constants.swift in Sources */ = {isa = PBXBuildFile; fileRef = CFAF1EF01EC1E3BE00FD707B /* Constants.swift */; };
		CFAF1EF31EC2008900FD707B /* Extensions.swift in Sources */ = {isa = PBXBuildFile; fileRef = CFAF1EF21EC2008900FD707B /* Extensions.swift */; };
		CFB993921EC0A16C0014C619 /* MainViewController.swift in Sources */ = {isa = PBXBuildFile; fileRef = CFB993911EC0A16C0014C619 /* MainViewController.swift */; };
		CFE5F25D1EC09BD7008DA005 /* AppDelegate.swift in Sources */ = {isa = PBXBuildFile; fileRef = CFE5F25C1EC09BD7008DA005 /* AppDelegate.swift */; };
		CFE5F2621EC09BD7008DA005 /* Main.storyboard in Resources */ = {isa = PBXBuildFile; fileRef = CFE5F2601EC09BD7008DA005 /* Main.storyboard */; };
		CFE5F2641EC09BD7008DA005 /* Assets.xcassets in Resources */ = {isa = PBXBuildFile; fileRef = CFE5F2631EC09BD7008DA005 /* Assets.xcassets */; };
		CFE5F2671EC09BD7008DA005 /* LaunchScreen.storyboard in Resources */ = {isa = PBXBuildFile; fileRef = CFE5F2651EC09BD7008DA005 /* LaunchScreen.storyboard */; };
		CFF4FEE21EE53B9E005FF19F /* UILabelPadding.swift in Sources */ = {isa = PBXBuildFile; fileRef = CFF4FEE11EE53B9E005FF19F /* UILabelPadding.swift */; };
		CFF7704C1EE27FF200F49E6A /* Interface.storyboard in Resources */ = {isa = PBXBuildFile; fileRef = CFF7704A1EE27FF200F49E6A /* Interface.storyboard */; };
		CFF7704E1EE27FF200F49E6A /* Assets.xcassets in Resources */ = {isa = PBXBuildFile; fileRef = CFF7704D1EE27FF200F49E6A /* Assets.xcassets */; };
		CFF770551EE27FF200F49E6A /* Inspiration WatchKit Extension.appex in Embed App Extensions */ = {isa = PBXBuildFile; fileRef = CFF770541EE27FF200F49E6A /* Inspiration WatchKit Extension.appex */; settings = {ATTRIBUTES = (RemoveHeadersOnCopy, ); }; };
		CFF7705A1EE27FF200F49E6A /* InterfaceController.swift in Sources */ = {isa = PBXBuildFile; fileRef = CFF770591EE27FF200F49E6A /* InterfaceController.swift */; };
		CFF7705C1EE27FF200F49E6A /* ExtensionDelegate.swift in Sources */ = {isa = PBXBuildFile; fileRef = CFF7705B1EE27FF200F49E6A /* ExtensionDelegate.swift */; };
		CFF7705E1EE27FF200F49E6A /* Assets.xcassets in Resources */ = {isa = PBXBuildFile; fileRef = CFF7705D1EE27FF200F49E6A /* Assets.xcassets */; };
		CFF770621EE27FF200F49E6A /* Inspiration WatchKit.app in Embed Watch Content */ = {isa = PBXBuildFile; fileRef = CFF770481EE27FF200F49E6A /* Inspiration WatchKit.app */; };
/* End PBXBuildFile section */

/* Begin PBXContainerItemProxy section */
		CFF770561EE27FF200F49E6A /* PBXContainerItemProxy */ = {
			isa = PBXContainerItemProxy;
			containerPortal = CFE5F2511EC09BD7008DA005 /* Project object */;
			proxyType = 1;
			remoteGlobalIDString = CFF770531EE27FF200F49E6A;
			remoteInfo = "Inspiration WatchKit Extension";
		};
		CFF770601EE27FF200F49E6A /* PBXContainerItemProxy */ = {
			isa = PBXContainerItemProxy;
			containerPortal = CFE5F2511EC09BD7008DA005 /* Project object */;
			proxyType = 1;
			remoteGlobalIDString = CFF770471EE27FF200F49E6A;
			remoteInfo = "Inspiration WatchKit";
		};
/* End PBXContainerItemProxy section */

/* Begin PBXCopyFilesBuildPhase section */
		CFF770681EE27FF200F49E6A /* Embed App Extensions */ = {
			isa = PBXCopyFilesBuildPhase;
			buildActionMask = 2147483647;
			dstPath = "";
			dstSubfolderSpec = 13;
			files = (
				CFF770551EE27FF200F49E6A /* Inspiration WatchKit Extension.appex in Embed App Extensions */,
			);
			name = "Embed App Extensions";
			runOnlyForDeploymentPostprocessing = 0;
		};
		CFF7706A1EE27FF200F49E6A /* Embed Watch Content */ = {
			isa = PBXCopyFilesBuildPhase;
			buildActionMask = 2147483647;
			dstPath = "$(CONTENTS_FOLDER_PATH)/Watch";
			dstSubfolderSpec = 16;
			files = (
				CFF770621EE27FF200F49E6A /* Inspiration WatchKit.app in Embed Watch Content */,
			);
			name = "Embed Watch Content";
			runOnlyForDeploymentPostprocessing = 0;
		};
/* End PBXCopyFilesBuildPhase section */

/* Begin PBXFileReference section */
		CF004F731EC5F961009D39E4 /* Reachability.swift */ = {isa = PBXFileReference; fileEncoding = 4; lastKnownFileType = sourcecode.swift; path = Reachability.swift; sourceTree = "<group>"; };
		CF0394EA1ED561900091C94F /* Animating.swift */ = {isa = PBXFileReference; fileEncoding = 4; lastKnownFileType = sourcecode.swift; path = Animating.swift; sourceTree = "<group>"; };
		CF0394EC1ED566D80091C94F /* MessageView.swift */ = {isa = PBXFileReference; fileEncoding = 4; lastKnownFileType = sourcecode.swift; path = MessageView.swift; sourceTree = "<group>"; };
		CF7CAE211EC33DC700B50E58 /* Background.swift */ = {isa = PBXFileReference; fileEncoding = 4; lastKnownFileType = sourcecode.swift; path = Background.swift; sourceTree = "<group>"; };
		CFAF1EED1EC1D0DE00FD707B /* Quote.swift */ = {isa = PBXFileReference; fileEncoding = 4; lastKnownFileType = sourcecode.swift; path = Quote.swift; sourceTree = "<group>"; };
		CFAF1EF01EC1E3BE00FD707B /* Constants.swift */ = {isa = PBXFileReference; fileEncoding = 4; lastKnownFileType = sourcecode.swift; path = Constants.swift; sourceTree = "<group>"; };
		CFAF1EF21EC2008900FD707B /* Extensions.swift */ = {isa = PBXFileReference; fileEncoding = 4; lastKnownFileType = sourcecode.swift; path = Extensions.swift; sourceTree = "<group>"; };
		CFB993911EC0A16C0014C619 /* MainViewController.swift */ = {isa = PBXFileReference; fileEncoding = 4; lastKnownFileType = sourcecode.swift; path = MainViewController.swift; sourceTree = "<group>"; };
		CFE5F2591EC09BD7008DA005 /* Inspiration.app */ = {isa = PBXFileReference; explicitFileType = wrapper.application; includeInIndex = 0; path = Inspiration.app; sourceTree = BUILT_PRODUCTS_DIR; };
		CFE5F25C1EC09BD7008DA005 /* AppDelegate.swift */ = {isa = PBXFileReference; lastKnownFileType = sourcecode.swift; path = AppDelegate.swift; sourceTree = "<group>"; };
		CFE5F2611EC09BD7008DA005 /* Base */ = {isa = PBXFileReference; lastKnownFileType = file.storyboard; name = Base; path = Base.lproj/Main.storyboard; sourceTree = "<group>"; };
		CFE5F2631EC09BD7008DA005 /* Assets.xcassets */ = {isa = PBXFileReference; lastKnownFileType = folder.assetcatalog; path = Assets.xcassets; sourceTree = "<group>"; };
		CFE5F2661EC09BD7008DA005 /* Base */ = {isa = PBXFileReference; lastKnownFileType = file.storyboard; name = Base; path = Base.lproj/LaunchScreen.storyboard; sourceTree = "<group>"; };
		CFE5F2681EC09BD7008DA005 /* Info.plist */ = {isa = PBXFileReference; lastKnownFileType = text.plist.xml; path = Info.plist; sourceTree = "<group>"; };
		CFF4FEE11EE53B9E005FF19F /* UILabelPadding.swift */ = {isa = PBXFileReference; fileEncoding = 4; lastKnownFileType = sourcecode.swift; path = UILabelPadding.swift; sourceTree = "<group>"; };
		CFF770481EE27FF200F49E6A /* Inspiration WatchKit.app */ = {isa = PBXFileReference; explicitFileType = wrapper.application; includeInIndex = 0; path = "Inspiration WatchKit.app"; sourceTree = BUILT_PRODUCTS_DIR; };
		CFF7704B1EE27FF200F49E6A /* Base */ = {isa = PBXFileReference; lastKnownFileType = file.storyboard; name = Base; path = Base.lproj/Interface.storyboard; sourceTree = "<group>"; };
		CFF7704D1EE27FF200F49E6A /* Assets.xcassets */ = {isa = PBXFileReference; lastKnownFileType = folder.assetcatalog; path = Assets.xcassets; sourceTree = "<group>"; };
		CFF7704F1EE27FF200F49E6A /* Info.plist */ = {isa = PBXFileReference; lastKnownFileType = text.plist.xml; path = Info.plist; sourceTree = "<group>"; };
		CFF770541EE27FF200F49E6A /* Inspiration WatchKit Extension.appex */ = {isa = PBXFileReference; explicitFileType = "wrapper.app-extension"; includeInIndex = 0; path = "Inspiration WatchKit Extension.appex"; sourceTree = BUILT_PRODUCTS_DIR; };
		CFF770591EE27FF200F49E6A /* InterfaceController.swift */ = {isa = PBXFileReference; lastKnownFileType = sourcecode.swift; path = InterfaceController.swift; sourceTree = "<group>"; };
		CFF7705B1EE27FF200F49E6A /* ExtensionDelegate.swift */ = {isa = PBXFileReference; lastKnownFileType = sourcecode.swift; path = ExtensionDelegate.swift; sourceTree = "<group>"; };
		CFF7705D1EE27FF200F49E6A /* Assets.xcassets */ = {isa = PBXFileReference; lastKnownFileType = folder.assetcatalog; path = Assets.xcassets; sourceTree = "<group>"; };
		CFF7705F1EE27FF200F49E6A /* Info.plist */ = {isa = PBXFileReference; lastKnownFileType = text.plist.xml; path = Info.plist; sourceTree = "<group>"; };
/* End PBXFileReference section */

/* Begin PBXFrameworksBuildPhase section */
		CFE5F2561EC09BD7008DA005 /* Frameworks */ = {
			isa = PBXFrameworksBuildPhase;
			buildActionMask = 2147483647;
			files = (
			);
			runOnlyForDeploymentPostprocessing = 0;
		};
		CFF770511EE27FF200F49E6A /* Frameworks */ = {
			isa = PBXFrameworksBuildPhase;
			buildActionMask = 2147483647;
			files = (
			);
			runOnlyForDeploymentPostprocessing = 0;
		};
/* End PBXFrameworksBuildPhase section */

/* Begin PBXGroup section */
		CF0394E91ED561650091C94F /* Protocols */ = {
			isa = PBXGroup;
			children = (
				CF0394EA1ED561900091C94F /* Animating.swift */,
			);
			name = Protocols;
			sourceTree = "<group>";
		};
		CFAF1EEF1EC1E38700FD707B /* Helpers */ = {
			isa = PBXGroup;
			children = (
				CFAF1EF01EC1E3BE00FD707B /* Constants.swift */,
				CFAF1EF21EC2008900FD707B /* Extensions.swift */,
				CF004F731EC5F961009D39E4 /* Reachability.swift */,
				CFF4FEE11EE53B9E005FF19F /* UILabelPadding.swift */,
			);
			name = Helpers;
			sourceTree = "<group>";
		};
		CFB993931EC0A1B00014C619 /* Supporting files */ = {
			isa = PBXGroup;
			children = (
				CFE5F2631EC09BD7008DA005 /* Assets.xcassets */,
				CFE5F25C1EC09BD7008DA005 /* AppDelegate.swift */,
				CFE5F2681EC09BD7008DA005 /* Info.plist */,
			);
			name = "Supporting files";
			sourceTree = "<group>";
		};
		CFB993941EC0A1CE0014C619 /* Controller */ = {
			isa = PBXGroup;
			children = (
				CFB993911EC0A16C0014C619 /* MainViewController.swift */,
			);
			name = Controller;
			sourceTree = "<group>";
		};
		CFB993951EC0A1DD0014C619 /* View */ = {
			isa = PBXGroup;
			children = (
				CF0394EC1ED566D80091C94F /* MessageView.swift */,
				CFB993971EC0A1EE0014C619 /* Storyboards */,
			);
			name = View;
			sourceTree = "<group>";
		};
		CFB993961EC0A1E30014C619 /* Model */ = {
			isa = PBXGroup;
			children = (
				CFAF1EED1EC1D0DE00FD707B /* Quote.swift */,
				CF7CAE211EC33DC700B50E58 /* Background.swift */,
			);
			name = Model;
			sourceTree = "<group>";
		};
		CFB993971EC0A1EE0014C619 /* Storyboards */ = {
			isa = PBXGroup;
			children = (
				CFE5F2601EC09BD7008DA005 /* Main.storyboard */,
				CFE5F2651EC09BD7008DA005 /* LaunchScreen.storyboard */,
			);
			name = Storyboards;
			sourceTree = "<group>";
		};
		CFE5F2501EC09BD7008DA005 = {
			isa = PBXGroup;
			children = (
				CFE5F25B1EC09BD7008DA005 /* Inspiration */,
				CFF770491EE27FF200F49E6A /* Inspiration WatchKit */,
				CFF770581EE27FF200F49E6A /* Inspiration WatchKit Extension */,
				CFE5F25A1EC09BD7008DA005 /* Products */,
			);
			sourceTree = "<group>";
		};
		CFE5F25A1EC09BD7008DA005 /* Products */ = {
			isa = PBXGroup;
			children = (
				CFE5F2591EC09BD7008DA005 /* Inspiration.app */,
				CFF770481EE27FF200F49E6A /* Inspiration WatchKit.app */,
				CFF770541EE27FF200F49E6A /* Inspiration WatchKit Extension.appex */,
			);
			name = Products;
			sourceTree = "<group>";
		};
		CFE5F25B1EC09BD7008DA005 /* Inspiration */ = {
			isa = PBXGroup;
			children = (
				CF0394E91ED561650091C94F /* Protocols */,
				CFB993961EC0A1E30014C619 /* Model */,
				CFB993951EC0A1DD0014C619 /* View */,
				CFB993941EC0A1CE0014C619 /* Controller */,
				CFAF1EEF1EC1E38700FD707B /* Helpers */,
				CFB993931EC0A1B00014C619 /* Supporting files */,
			);
			path = Inspiration;
			sourceTree = "<group>";
		};
		CFF770491EE27FF200F49E6A /* Inspiration WatchKit */ = {
			isa = PBXGroup;
			children = (
				CFF7704A1EE27FF200F49E6A /* Interface.storyboard */,
				CFF7704D1EE27FF200F49E6A /* Assets.xcassets */,
				CFF7704F1EE27FF200F49E6A /* Info.plist */,
			);
			path = "Inspiration WatchKit";
			sourceTree = "<group>";
		};
		CFF770581EE27FF200F49E6A /* Inspiration WatchKit Extension */ = {
			isa = PBXGroup;
			children = (
				CFF770591EE27FF200F49E6A /* InterfaceController.swift */,
				CFF7705B1EE27FF200F49E6A /* ExtensionDelegate.swift */,
				CFF7705D1EE27FF200F49E6A /* Assets.xcassets */,
				CFF7705F1EE27FF200F49E6A /* Info.plist */,
			);
			path = "Inspiration WatchKit Extension";
			sourceTree = "<group>";
		};
/* End PBXGroup section */

/* Begin PBXNativeTarget section */
		CFE5F2581EC09BD7008DA005 /* Inspiration */ = {
			isa = PBXNativeTarget;
			buildConfigurationList = CFE5F26B1EC09BD7008DA005 /* Build configuration list for PBXNativeTarget "Inspiration" */;
			buildPhases = (
				CFE5F2551EC09BD7008DA005 /* Sources */,
				CFE5F2561EC09BD7008DA005 /* Frameworks */,
				CFE5F2571EC09BD7008DA005 /* Resources */,
				CFB993901EC0A10C0014C619 /* SwiftLint */,
				CFF7706A1EE27FF200F49E6A /* Embed Watch Content */,
			);
			buildRules = (
			);
			dependencies = (
				CFF770611EE27FF200F49E6A /* PBXTargetDependency */,
			);
			name = Inspiration;
			productName = Inspiration;
			productReference = CFE5F2591EC09BD7008DA005 /* Inspiration.app */;
			productType = "com.apple.product-type.application";
		};
		CFF770471EE27FF200F49E6A /* Inspiration WatchKit */ = {
			isa = PBXNativeTarget;
			buildConfigurationList = CFF770691EE27FF200F49E6A /* Build configuration list for PBXNativeTarget "Inspiration WatchKit" */;
			buildPhases = (
				CFF770461EE27FF200F49E6A /* Resources */,
				CFF770681EE27FF200F49E6A /* Embed App Extensions */,
			);
			buildRules = (
			);
			dependencies = (
				CFF770571EE27FF200F49E6A /* PBXTargetDependency */,
			);
			name = "Inspiration WatchKit";
			productName = "Inspiration WatchKit";
			productReference = CFF770481EE27FF200F49E6A /* Inspiration WatchKit.app */;
			productType = "com.apple.product-type.application.watchapp2";
		};
		CFF770531EE27FF200F49E6A /* Inspiration WatchKit Extension */ = {
			isa = PBXNativeTarget;
			buildConfigurationList = CFF770671EE27FF200F49E6A /* Build configuration list for PBXNativeTarget "Inspiration WatchKit Extension" */;
			buildPhases = (
				CFF770501EE27FF200F49E6A /* Sources */,
				CFF770511EE27FF200F49E6A /* Frameworks */,
				CFF770521EE27FF200F49E6A /* Resources */,
			);
			buildRules = (
			);
			dependencies = (
			);
			name = "Inspiration WatchKit Extension";
			productName = "Inspiration WatchKit Extension";
			productReference = CFF770541EE27FF200F49E6A /* Inspiration WatchKit Extension.appex */;
			productType = "com.apple.product-type.watchkit2-extension";
		};
/* End PBXNativeTarget section */

/* Begin PBXProject section */
		CFE5F2511EC09BD7008DA005 /* Project object */ = {
			isa = PBXProject;
			attributes = {
				LastSwiftUpdateCheck = 0830;
				LastUpgradeCheck = 0830;
				ORGANIZATIONNAME = "Konstantin Khokhlov";
				TargetAttributes = {
					CFE5F2581EC09BD7008DA005 = {
						CreatedOnToolsVersion = 8.3.2;
						DevelopmentTeam = MMQCGLY2E8;
						ProvisioningStyle = Automatic;
					};
					CFF770471EE27FF200F49E6A = {
						CreatedOnToolsVersion = 8.3.2;
						DevelopmentTeam = MMQCGLY2E8;
						ProvisioningStyle = Automatic;
					};
					CFF770531EE27FF200F49E6A = {
						CreatedOnToolsVersion = 8.3.2;
						DevelopmentTeam = MMQCGLY2E8;
						ProvisioningStyle = Automatic;
					};
				};
			};
			buildConfigurationList = CFE5F2541EC09BD7008DA005 /* Build configuration list for PBXProject "Inspiration" */;
			compatibilityVersion = "Xcode 3.2";
			developmentRegion = English;
			hasScannedForEncodings = 0;
			knownRegions = (
				en,
				Base,
			);
			mainGroup = CFE5F2501EC09BD7008DA005;
			productRefGroup = CFE5F25A1EC09BD7008DA005 /* Products */;
			projectDirPath = "";
			projectRoot = "";
			targets = (
				CFE5F2581EC09BD7008DA005 /* Inspiration */,
				CFF770471EE27FF200F49E6A /* Inspiration WatchKit */,
				CFF770531EE27FF200F49E6A /* Inspiration WatchKit Extension */,
			);
		};
/* End PBXProject section */

/* Begin PBXResourcesBuildPhase section */
		CFE5F2571EC09BD7008DA005 /* Resources */ = {
			isa = PBXResourcesBuildPhase;
			buildActionMask = 2147483647;
			files = (
				CFE5F2671EC09BD7008DA005 /* LaunchScreen.storyboard in Resources */,
				CFE5F2641EC09BD7008DA005 /* Assets.xcassets in Resources */,
				CFE5F2621EC09BD7008DA005 /* Main.storyboard in Resources */,
			);
			runOnlyForDeploymentPostprocessing = 0;
		};
		CFF770461EE27FF200F49E6A /* Resources */ = {
			isa = PBXResourcesBuildPhase;
			buildActionMask = 2147483647;
			files = (
				CFF7704E1EE27FF200F49E6A /* Assets.xcassets in Resources */,
				CFF7704C1EE27FF200F49E6A /* Interface.storyboard in Resources */,
			);
			runOnlyForDeploymentPostprocessing = 0;
		};
		CFF770521EE27FF200F49E6A /* Resources */ = {
			isa = PBXResourcesBuildPhase;
			buildActionMask = 2147483647;
			files = (
				CFF7705E1EE27FF200F49E6A /* Assets.xcassets in Resources */,
			);
			runOnlyForDeploymentPostprocessing = 0;
		};
/* End PBXResourcesBuildPhase section */

/* Begin PBXShellScriptBuildPhase section */
		CFB993901EC0A10C0014C619 /* SwiftLint */ = {
			isa = PBXShellScriptBuildPhase;
			buildActionMask = 2147483647;
			files = (
			);
			inputPaths = (
			);
			name = SwiftLint;
			outputPaths = (
			);
			runOnlyForDeploymentPostprocessing = 0;
			shellPath = /bin/sh;
			shellScript = "if which swiftlint >/dev/null; then\nswiftlint\nelse\necho \"warning: SwiftLint not installed, download from https://github.com/realm/SwiftLint\"\nfi";
		};
/* End PBXShellScriptBuildPhase section */

/* Begin PBXSourcesBuildPhase section */
		CFE5F2551EC09BD7008DA005 /* Sources */ = {
			isa = PBXSourcesBuildPhase;
			buildActionMask = 2147483647;
			files = (
				CF004F741EC5F961009D39E4 /* Reachability.swift in Sources */,
				CFAF1EF31EC2008900FD707B /* Extensions.swift in Sources */,
				CFE5F25D1EC09BD7008DA005 /* AppDelegate.swift in Sources */,
				CF0394ED1ED566D80091C94F /* MessageView.swift in Sources */,
				CFAF1EEE1EC1D0DE00FD707B /* Quote.swift in Sources */,
				CF0394EB1ED561900091C94F /* Animating.swift in Sources */,
				CFF4FEE21EE53B9E005FF19F /* UILabelPadding.swift in Sources */,
				CFB993921EC0A16C0014C619 /* MainViewController.swift in Sources */,
				CFAF1EF11EC1E3BE00FD707B /* Constants.swift in Sources */,
				CF7CAE221EC33DC700B50E58 /* Background.swift in Sources */,
			);
			runOnlyForDeploymentPostprocessing = 0;
		};
		CFF770501EE27FF200F49E6A /* Sources */ = {
			isa = PBXSourcesBuildPhase;
			buildActionMask = 2147483647;
			files = (
				CFF7705C1EE27FF200F49E6A /* ExtensionDelegate.swift in Sources */,
				CFF7705A1EE27FF200F49E6A /* InterfaceController.swift in Sources */,
			);
			runOnlyForDeploymentPostprocessing = 0;
		};
/* End PBXSourcesBuildPhase section */

/* Begin PBXTargetDependency section */
		CFF770571EE27FF200F49E6A /* PBXTargetDependency */ = {
			isa = PBXTargetDependency;
			target = CFF770531EE27FF200F49E6A /* Inspiration WatchKit Extension */;
			targetProxy = CFF770561EE27FF200F49E6A /* PBXContainerItemProxy */;
		};
		CFF770611EE27FF200F49E6A /* PBXTargetDependency */ = {
			isa = PBXTargetDependency;
			target = CFF770471EE27FF200F49E6A /* Inspiration WatchKit */;
			targetProxy = CFF770601EE27FF200F49E6A /* PBXContainerItemProxy */;
		};
/* End PBXTargetDependency section */

/* Begin PBXVariantGroup section */
		CFE5F2601EC09BD7008DA005 /* Main.storyboard */ = {
			isa = PBXVariantGroup;
			children = (
				CFE5F2611EC09BD7008DA005 /* Base */,
			);
			name = Main.storyboard;
			sourceTree = "<group>";
		};
		CFE5F2651EC09BD7008DA005 /* LaunchScreen.storyboard */ = {
			isa = PBXVariantGroup;
			children = (
				CFE5F2661EC09BD7008DA005 /* Base */,
			);
			name = LaunchScreen.storyboard;
			sourceTree = "<group>";
		};
		CFF7704A1EE27FF200F49E6A /* Interface.storyboard */ = {
			isa = PBXVariantGroup;
			children = (
				CFF7704B1EE27FF200F49E6A /* Base */,
			);
			name = Interface.storyboard;
			sourceTree = "<group>";
		};
/* End PBXVariantGroup section */

/* Begin XCBuildConfiguration section */
		CFE5F2691EC09BD7008DA005 /* Debug */ = {
			isa = XCBuildConfiguration;
			buildSettings = {
				ALWAYS_SEARCH_USER_PATHS = NO;
				CLANG_ANALYZER_NONNULL = YES;
				CLANG_ANALYZER_NUMBER_OBJECT_CONVERSION = YES_AGGRESSIVE;
				CLANG_CXX_LANGUAGE_STANDARD = "gnu++0x";
				CLANG_CXX_LIBRARY = "libc++";
				CLANG_ENABLE_MODULES = YES;
				CLANG_ENABLE_OBJC_ARC = YES;
				CLANG_WARN_BOOL_CONVERSION = YES;
				CLANG_WARN_CONSTANT_CONVERSION = YES;
				CLANG_WARN_DIRECT_OBJC_ISA_USAGE = YES_ERROR;
				CLANG_WARN_DOCUMENTATION_COMMENTS = YES;
				CLANG_WARN_EMPTY_BODY = YES;
				CLANG_WARN_ENUM_CONVERSION = YES;
				CLANG_WARN_INFINITE_RECURSION = YES;
				CLANG_WARN_INT_CONVERSION = YES;
				CLANG_WARN_OBJC_ROOT_CLASS = YES_ERROR;
				CLANG_WARN_SUSPICIOUS_MOVE = YES;
				CLANG_WARN_UNREACHABLE_CODE = YES;
				CLANG_WARN__DUPLICATE_METHOD_MATCH = YES;
				"CODE_SIGN_IDENTITY[sdk=iphoneos*]" = "iPhone Developer";
				COPY_PHASE_STRIP = NO;
				DEBUG_INFORMATION_FORMAT = dwarf;
				ENABLE_STRICT_OBJC_MSGSEND = YES;
				ENABLE_TESTABILITY = YES;
				GCC_C_LANGUAGE_STANDARD = gnu99;
				GCC_DYNAMIC_NO_PIC = NO;
				GCC_NO_COMMON_BLOCKS = YES;
				GCC_OPTIMIZATION_LEVEL = 0;
				GCC_PREPROCESSOR_DEFINITIONS = (
					"DEBUG=1",
					"$(inherited)",
				);
				GCC_WARN_64_TO_32_BIT_CONVERSION = YES;
				GCC_WARN_ABOUT_RETURN_TYPE = YES_ERROR;
				GCC_WARN_UNDECLARED_SELECTOR = YES;
				GCC_WARN_UNINITIALIZED_AUTOS = YES_AGGRESSIVE;
				GCC_WARN_UNUSED_FUNCTION = YES;
				GCC_WARN_UNUSED_VARIABLE = YES;
				IPHONEOS_DEPLOYMENT_TARGET = 10.3;
				MTL_ENABLE_DEBUG_INFO = YES;
				ONLY_ACTIVE_ARCH = YES;
				SDKROOT = iphoneos;
				SWIFT_ACTIVE_COMPILATION_CONDITIONS = DEBUG;
				SWIFT_OPTIMIZATION_LEVEL = "-Onone";
				TARGETED_DEVICE_FAMILY = "1,2";
			};
			name = Debug;
		};
		CFE5F26A1EC09BD7008DA005 /* Release */ = {
			isa = XCBuildConfiguration;
			buildSettings = {
				ALWAYS_SEARCH_USER_PATHS = NO;
				CLANG_ANALYZER_NONNULL = YES;
				CLANG_ANALYZER_NUMBER_OBJECT_CONVERSION = YES_AGGRESSIVE;
				CLANG_CXX_LANGUAGE_STANDARD = "gnu++0x";
				CLANG_CXX_LIBRARY = "libc++";
				CLANG_ENABLE_MODULES = YES;
				CLANG_ENABLE_OBJC_ARC = YES;
				CLANG_WARN_BOOL_CONVERSION = YES;
				CLANG_WARN_CONSTANT_CONVERSION = YES;
				CLANG_WARN_DIRECT_OBJC_ISA_USAGE = YES_ERROR;
				CLANG_WARN_DOCUMENTATION_COMMENTS = YES;
				CLANG_WARN_EMPTY_BODY = YES;
				CLANG_WARN_ENUM_CONVERSION = YES;
				CLANG_WARN_INFINITE_RECURSION = YES;
				CLANG_WARN_INT_CONVERSION = YES;
				CLANG_WARN_OBJC_ROOT_CLASS = YES_ERROR;
				CLANG_WARN_SUSPICIOUS_MOVE = YES;
				CLANG_WARN_UNREACHABLE_CODE = YES;
				CLANG_WARN__DUPLICATE_METHOD_MATCH = YES;
				"CODE_SIGN_IDENTITY[sdk=iphoneos*]" = "iPhone Developer";
				COPY_PHASE_STRIP = NO;
				DEBUG_INFORMATION_FORMAT = "dwarf-with-dsym";
				ENABLE_NS_ASSERTIONS = NO;
				ENABLE_STRICT_OBJC_MSGSEND = YES;
				GCC_C_LANGUAGE_STANDARD = gnu99;
				GCC_NO_COMMON_BLOCKS = YES;
				GCC_WARN_64_TO_32_BIT_CONVERSION = YES;
				GCC_WARN_ABOUT_RETURN_TYPE = YES_ERROR;
				GCC_WARN_UNDECLARED_SELECTOR = YES;
				GCC_WARN_UNINITIALIZED_AUTOS = YES_AGGRESSIVE;
				GCC_WARN_UNUSED_FUNCTION = YES;
				GCC_WARN_UNUSED_VARIABLE = YES;
				IPHONEOS_DEPLOYMENT_TARGET = 10.3;
				MTL_ENABLE_DEBUG_INFO = NO;
				SDKROOT = iphoneos;
				SWIFT_OPTIMIZATION_LEVEL = "-Owholemodule";
				TARGETED_DEVICE_FAMILY = "1,2";
				VALIDATE_PRODUCT = YES;
			};
			name = Release;
		};
		CFE5F26C1EC09BD7008DA005 /* Debug */ = {
			isa = XCBuildConfiguration;
			buildSettings = {
				ASSETCATALOG_COMPILER_APPICON_NAME = AppIcon;
				DEVELOPMENT_TEAM = MMQCGLY2E8;
				INFOPLIST_FILE = Inspiration/Info.plist;
				IPHONEOS_DEPLOYMENT_TARGET = 9.3;
				LD_RUNPATH_SEARCH_PATHS = "$(inherited) @executable_path/Frameworks";
				PRODUCT_BUNDLE_IDENTIFIER = space.constantin.inspiration;
				PRODUCT_NAME = "$(TARGET_NAME)";
				SWIFT_VERSION = 3.0;
				TARGETED_DEVICE_FAMILY = "1,2";
			};
			name = Debug;
		};
		CFE5F26D1EC09BD7008DA005 /* Release */ = {
			isa = XCBuildConfiguration;
			buildSettings = {
				ASSETCATALOG_COMPILER_APPICON_NAME = AppIcon;
				DEVELOPMENT_TEAM = MMQCGLY2E8;
				INFOPLIST_FILE = Inspiration/Info.plist;
				IPHONEOS_DEPLOYMENT_TARGET = 9.3;
				LD_RUNPATH_SEARCH_PATHS = "$(inherited) @executable_path/Frameworks";
				PRODUCT_BUNDLE_IDENTIFIER = space.constantin.inspiration;
				PRODUCT_NAME = "$(TARGET_NAME)";
				SWIFT_VERSION = 3.0;
				TARGETED_DEVICE_FAMILY = "1,2";
			};
			name = Release;
		};
		CFF770631EE27FF200F49E6A /* Debug */ = {
			isa = XCBuildConfiguration;
			buildSettings = {
				ALWAYS_EMBED_SWIFT_STANDARD_LIBRARIES = YES;
				ASSETCATALOG_COMPILER_APPICON_NAME = AppIcon;
				DEVELOPMENT_TEAM = MMQCGLY2E8;
				IBSC_MODULE = Inspiration_WatchKit_Extension;
				INFOPLIST_FILE = "Inspiration WatchKit/Info.plist";
				PRODUCT_BUNDLE_IDENTIFIER = space.constantin.inspiration.watchkitapp;
				PRODUCT_NAME = "$(TARGET_NAME)";
				SDKROOT = watchos;
				SKIP_INSTALL = YES;
				SWIFT_VERSION = 3.0;
				TARGETED_DEVICE_FAMILY = 4;
				WATCHOS_DEPLOYMENT_TARGET = 3.2;
			};
			name = Debug;
		};
		CFF770641EE27FF200F49E6A /* Release */ = {
			isa = XCBuildConfiguration;
			buildSettings = {
				ALWAYS_EMBED_SWIFT_STANDARD_LIBRARIES = YES;
				ASSETCATALOG_COMPILER_APPICON_NAME = AppIcon;
				DEVELOPMENT_TEAM = MMQCGLY2E8;
				IBSC_MODULE = Inspiration_WatchKit_Extension;
				INFOPLIST_FILE = "Inspiration WatchKit/Info.plist";
				PRODUCT_BUNDLE_IDENTIFIER = space.constantin.inspiration.watchkitapp;
				PRODUCT_NAME = "$(TARGET_NAME)";
				SDKROOT = watchos;
				SKIP_INSTALL = YES;
				SWIFT_VERSION = 3.0;
				TARGETED_DEVICE_FAMILY = 4;
				WATCHOS_DEPLOYMENT_TARGET = 3.2;
			};
			name = Release;
		};
		CFF770651EE27FF200F49E6A /* Debug */ = {
			isa = XCBuildConfiguration;
			buildSettings = {
				ASSETCATALOG_COMPILER_COMPLICATION_NAME = Complication;
				DEVELOPMENT_TEAM = MMQCGLY2E8;
				INFOPLIST_FILE = "Inspiration WatchKit Extension/Info.plist";
				LD_RUNPATH_SEARCH_PATHS = "$(inherited) @executable_path/Frameworks @executable_path/../../Frameworks";
				PRODUCT_BUNDLE_IDENTIFIER = space.constantin.inspiration.watchkitapp.watchkitextension;
				PRODUCT_NAME = "${TARGET_NAME}";
				SDKROOT = watchos;
				SKIP_INSTALL = YES;
				SWIFT_VERSION = 3.0;
				TARGETED_DEVICE_FAMILY = 4;
				WATCHOS_DEPLOYMENT_TARGET = 3.2;
			};
			name = Debug;
		};
		CFF770661EE27FF200F49E6A /* Release */ = {
			isa = XCBuildConfiguration;
			buildSettings = {
				ASSETCATALOG_COMPILER_COMPLICATION_NAME = Complication;
				DEVELOPMENT_TEAM = MMQCGLY2E8;
				INFOPLIST_FILE = "Inspiration WatchKit Extension/Info.plist";
				LD_RUNPATH_SEARCH_PATHS = "$(inherited) @executable_path/Frameworks @executable_path/../../Frameworks";
				PRODUCT_BUNDLE_IDENTIFIER = space.constantin.inspiration.watchkitapp.watchkitextension;
				PRODUCT_NAME = "${TARGET_NAME}";
				SDKROOT = watchos;
				SKIP_INSTALL = YES;
				SWIFT_VERSION = 3.0;
				TARGETED_DEVICE_FAMILY = 4;
				WATCHOS_DEPLOYMENT_TARGET = 3.2;
			};
			name = Release;
		};
/* End XCBuildConfiguration section */

/* Begin XCConfigurationList section */
		CFE5F2541EC09BD7008DA005 /* Build configuration list for PBXProject "Inspiration" */ = {
			isa = XCConfigurationList;
			buildConfigurations = (
				CFE5F2691EC09BD7008DA005 /* Debug */,
				CFE5F26A1EC09BD7008DA005 /* Release */,
			);
			defaultConfigurationIsVisible = 0;
			defaultConfigurationName = Release;
		};
		CFE5F26B1EC09BD7008DA005 /* Build configuration list for PBXNativeTarget "Inspiration" */ = {
			isa = XCConfigurationList;
			buildConfigurations = (
				CFE5F26C1EC09BD7008DA005 /* Debug */,
				CFE5F26D1EC09BD7008DA005 /* Release */,
			);
			defaultConfigurationIsVisible = 0;
			defaultConfigurationName = Release;
		};
		CFF770671EE27FF200F49E6A /* Build configuration list for PBXNativeTarget "Inspiration WatchKit Extension" */ = {
			isa = XCConfigurationList;
			buildConfigurations = (
				CFF770651EE27FF200F49E6A /* Debug */,
				CFF770661EE27FF200F49E6A /* Release */,
			);
			defaultConfigurationIsVisible = 0;
			defaultConfigurationName = Release;
		};
		CFF770691EE27FF200F49E6A /* Build configuration list for PBXNativeTarget "Inspiration WatchKit" */ = {
			isa = XCConfigurationList;
			buildConfigurations = (
				CFF770631EE27FF200F49E6A /* Debug */,
				CFF770641EE27FF200F49E6A /* Release */,
			);
			defaultConfigurationIsVisible = 0;
			defaultConfigurationName = Release;
		};
/* End XCConfigurationList section */
	};
	rootObject = CFE5F2511EC09BD7008DA005 /* Project object */;
}
